
Microsoft Visual Studio Solution File, Format Version 12.00
# Visual Studio Version 17
VisualStudioVersion = 17.0.31919.166
MinimumVisualStudioVersion = 10.0.40219.1
Project("{FAE04EC0-301F-11D3-BF4B-00C04F79EFBC}") = "WindowsFormsApp1", "WindowsFormsApp1\WindowsFormsApp1.csproj", "{AE58AD61-E1AB-46EE-B497-A9723A7ED126}"
EndProject
Global
	GlobalSection(SolutionConfigurationPlatforms) = preSolution
		Debug|Any CPU = Debug|Any CPU
		Release|Any CPU = Release|Any CPU
	EndGlobalSection
	GlobalSection(ProjectConfigurationPlatforms) = postSolution
		{AE58AD61-E1AB-46EE-B497-A9723A7ED126}.Debug|Any CPU.ActiveCfg = Debug|Any CPU
		{AE58AD61-E1AB-46EE-B497-A9723A7ED126}.Debug|Any CPU.Build.0 = Debug|Any CPU
		{AE58AD61-E1AB-46EE-B497-A9723A7ED126}.Release|Any CPU.ActiveCfg = Release|Any CPU
		{AE58AD61-E1AB-46EE-B497-A9723A7ED126}.Release|Any CPU.Build.0 = Release|Any CPU
	EndGlobalSection
	GlobalSection(SolutionProperties) = preSolution
		HideSolutionNode = FALSE
	EndGlobalSection
	GlobalSection(ExtensibilityGlobals) = postSolution
		SolutionGuid = {35AC1F89-CFAC-4170-AE1D-8404FE3E3050}
	EndGlobalSection
EndGlobal
